
Microsoft Visual Studio Solution File, Format Version 12.00
# Visual Studio Version 16
VisualStudioVersion = 16.0.31112.23
MinimumVisualStudioVersion = 10.0.40219.1
Project("{9A19103F-16F7-4668-BE54-9A1E7A4F7556}") = "JdaTools.Connection", "JdaTools.Connection\JdaTools.Connection.csproj", "{137D7914-051A-4F9C-B33F-30B3CF27541A}"
EndProject
Project("{9A19103F-16F7-4668-BE54-9A1E7A4F7556}") = "JdaTools.Studio", "JdaTools.Studio\JdaTools.Studio.csproj", "{50AD48EA-EED4-44C6-AFC9-3DC03F6E60C5}"
EndProject
Project("{FAE04EC0-301F-11D3-BF4B-00C04F79EFBC}") = "JdaTools.ConfigurationManager", "JdaTools.ConfigurationManager\JdaTools.ConfigurationManager.csproj", "{0453BFA6-B921-432B-8F5B-47F06439A0BB}"
EndProject
Global
	GlobalSection(SolutionConfigurationPlatforms) = preSolution
		Debug|Any CPU = Debug|Any CPU
		Release|Any CPU = Release|Any CPU
	EndGlobalSection
	GlobalSection(ProjectConfigurationPlatforms) = postSolution
		{137D7914-051A-4F9C-B33F-30B3CF27541A}.Debug|Any CPU.ActiveCfg = Debug|Any CPU
		{137D7914-051A-4F9C-B33F-30B3CF27541A}.Debug|Any CPU.Build.0 = Debug|Any CPU
		{137D7914-051A-4F9C-B33F-30B3CF27541A}.Release|Any CPU.ActiveCfg = Release|Any CPU
		{137D7914-051A-4F9C-B33F-30B3CF27541A}.Release|Any CPU.Build.0 = Release|Any CPU
		{50AD48EA-EED4-44C6-AFC9-3DC03F6E60C5}.Debug|Any CPU.ActiveCfg = Debug|Any CPU
		{50AD48EA-EED4-44C6-AFC9-3DC03F6E60C5}.Debug|Any CPU.Build.0 = Debug|Any CPU
		{50AD48EA-EED4-44C6-AFC9-3DC03F6E60C5}.Release|Any CPU.ActiveCfg = Release|Any CPU
		{50AD48EA-EED4-44C6-AFC9-3DC03F6E60C5}.Release|Any CPU.Build.0 = Release|Any CPU
		{0453BFA6-B921-432B-8F5B-47F06439A0BB}.Debug|Any CPU.ActiveCfg = Debug|Any CPU
		{0453BFA6-B921-432B-8F5B-47F06439A0BB}.Debug|Any CPU.Build.0 = Debug|Any CPU
		{0453BFA6-B921-432B-8F5B-47F06439A0BB}.Release|Any CPU.ActiveCfg = Release|Any CPU
		{0453BFA6-B921-432B-8F5B-47F06439A0BB}.Release|Any CPU.Build.0 = Release|Any CPU
	EndGlobalSection
	GlobalSection(SolutionProperties) = preSolution
		HideSolutionNode = FALSE
	EndGlobalSection
	GlobalSection(ExtensibilityGlobals) = postSolution
		SolutionGuid = {1103DD21-5C92-4DC1-A9C4-189A33058071}
	EndGlobalSection
EndGlobal
